
Microsoft Visual Studio Solution File, Format Version 12.00
# Visual Studio 15
VisualStudioVersion = 15.0.28010.2041
MinimumVisualStudioVersion = 10.0.40219.1
Project("{FAE04EC0-301F-11D3-BF4B-00C04F79EFBC}") = "DancorSVG2PNG", "DancorSVG2PNG\DancorSVG2PNG.csproj", "{C444112F-2573-48A2-BCA2-06304F26F881}"
EndProject
Global
	GlobalSection(SolutionConfigurationPlatforms) = preSolution
		Debug|Any CPU = Debug|Any CPU
		Release|Any CPU = Release|Any CPU
	EndGlobalSection
	GlobalSection(ProjectConfigurationPlatforms) = postSolution
		{C444112F-2573-48A2-BCA2-06304F26F881}.Debug|Any CPU.ActiveCfg = Debug|Any CPU
		{C444112F-2573-48A2-BCA2-06304F26F881}.Debug|Any CPU.Build.0 = Debug|Any CPU
		{C444112F-2573-48A2-BCA2-06304F26F881}.Release|Any CPU.ActiveCfg = Release|Any CPU
		{C444112F-2573-48A2-BCA2-06304F26F881}.Release|Any CPU.Build.0 = Release|Any CPU
	EndGlobalSection
	GlobalSection(SolutionProperties) = preSolution
		HideSolutionNode = FALSE
	EndGlobalSection
	GlobalSection(ExtensibilityGlobals) = postSolution
		SolutionGuid = {119C85EB-4C24-42C0-A374-FE79558442D4}
	EndGlobalSection
EndGlobal
